
Microsoft Visual Studio Solution File, Format Version 12.00
# Visual Studio Version 17
VisualStudioVersion = 17.8.34004.107
MinimumVisualStudioVersion = 10.0.40219.1
Project("{9A19103F-16F7-4668-BE54-9A1E7A4F7556}") = "OsPoolVhdx2Vhdx", "OsPoolVhdx2Vhdx\OsPoolVhdx2Vhdx.csproj", "{07D04613-513C-4F0E-A37C-B9FC10E93D15}"
EndProject
Project("{FAE04EC0-301F-11D3-BF4B-00C04F79EFBC}") = "StorageSpace", "StorageSpace\StorageSpace.csproj", "{818236A3-BCEA-4E57-B64E-A5A4F6CAAC44}"
EndProject
Global
	GlobalSection(SolutionConfigurationPlatforms) = preSolution
		Debug|Any CPU = Debug|Any CPU
		Debug|ARM32 = Debug|ARM32
		Debug|ARM64 = Debug|ARM64
		Debug|x64 = Debug|x64
		Debug|x86 = Debug|x86
		Release|Any CPU = Release|Any CPU
		Release|ARM32 = Release|ARM32
		Release|ARM64 = Release|ARM64
		Release|x64 = Release|x64
		Release|x86 = Release|x86
	EndGlobalSection
	GlobalSection(ProjectConfigurationPlatforms) = postSolution
		{07D04613-513C-4F0E-A37C-B9FC10E93D15}.Debug|Any CPU.ActiveCfg = Debug|x64
		{07D04613-513C-4F0E-A37C-B9FC10E93D15}.Debug|Any CPU.Build.0 = Debug|x64
		{07D04613-513C-4F0E-A37C-B9FC10E93D15}.Debug|ARM32.ActiveCfg = Debug|ARM32
		{07D04613-513C-4F0E-A37C-B9FC10E93D15}.Debug|ARM32.Build.0 = Debug|ARM32
		{07D04613-513C-4F0E-A37C-B9FC10E93D15}.Debug|ARM64.ActiveCfg = Debug|ARM64
		{07D04613-513C-4F0E-A37C-B9FC10E93D15}.Debug|ARM64.Build.0 = Debug|ARM64
		{07D04613-513C-4F0E-A37C-B9FC10E93D15}.Debug|x64.ActiveCfg = Debug|x64
		{07D04613-513C-4F0E-A37C-B9FC10E93D15}.Debug|x64.Build.0 = Debug|x64
		{07D04613-513C-4F0E-A37C-B9FC10E93D15}.Debug|x86.ActiveCfg = Debug|x86
		{07D04613-513C-4F0E-A37C-B9FC10E93D15}.Debug|x86.Build.0 = Debug|x86
		{07D04613-513C-4F0E-A37C-B9FC10E93D15}.Release|Any CPU.ActiveCfg = Release|x64
		{07D04613-513C-4F0E-A37C-B9FC10E93D15}.Release|Any CPU.Build.0 = Release|x64
		{07D04613-513C-4F0E-A37C-B9FC10E93D15}.Release|ARM32.ActiveCfg = Release|ARM32
		{07D04613-513C-4F0E-A37C-B9FC10E93D15}.Release|ARM32.Build.0 = Release|ARM32
		{07D04613-513C-4F0E-A37C-B9FC10E93D15}.Release|ARM64.ActiveCfg = Release|ARM64
		{07D04613-513C-4F0E-A37C-B9FC10E93D15}.Release|ARM64.Build.0 = Release|ARM64
		{07D04613-513C-4F0E-A37C-B9FC10E93D15}.Release|x64.ActiveCfg = Release|x64
		{07D04613-513C-4F0E-A37C-B9FC10E93D15}.Release|x64.Build.0 = Release|x64
		{07D04613-513C-4F0E-A37C-B9FC10E93D15}.Release|x86.ActiveCfg = Release|x86
		{07D04613-513C-4F0E-A37C-B9FC10E93D15}.Release|x86.Build.0 = Release|x86
		{818236A3-BCEA-4E57-B64E-A5A4F6CAAC44}.Debug|Any CPU.ActiveCfg = Debug|Any CPU
		{818236A3-BCEA-4E57-B64E-A5A4F6CAAC44}.Debug|Any CPU.Build.0 = Debug|Any CPU
		{818236A3-BCEA-4E57-B64E-A5A4F6CAAC44}.Debug|ARM32.ActiveCfg = Debug|ARM32
		{818236A3-BCEA-4E57-B64E-A5A4F6CAAC44}.Debug|ARM32.Build.0 = Debug|ARM32
		{818236A3-BCEA-4E57-B64E-A5A4F6CAAC44}.Debug|ARM64.ActiveCfg = Debug|ARM64
		{818236A3-BCEA-4E57-B64E-A5A4F6CAAC44}.Debug|ARM64.Build.0 = Debug|ARM64
		{818236A3-BCEA-4E57-B64E-A5A4F6CAAC44}.Debug|x64.ActiveCfg = Debug|Any CPU
		{818236A3-BCEA-4E57-B64E-A5A4F6CAAC44}.Debug|x64.Build.0 = Debug|Any CPU
		{818236A3-BCEA-4E57-B64E-A5A4F6CAAC44}.Debug|x86.ActiveCfg = Debug|x86
		{818236A3-BCEA-4E57-B64E-A5A4F6CAAC44}.Debug|x86.Build.0 = Debug|x86
		{818236A3-BCEA-4E57-B64E-A5A4F6CAAC44}.Release|Any CPU.ActiveCfg = Release|Any CPU
		{818236A3-BCEA-4E57-B64E-A5A4F6CAAC44}.Release|Any CPU.Build.0 = Release|Any CPU
		{818236A3-BCEA-4E57-B64E-A5A4F6CAAC44}.Release|ARM32.ActiveCfg = Release|ARM32
		{818236A3-BCEA-4E57-B64E-A5A4F6CAAC44}.Release|ARM32.Build.0 = Release|ARM32
		{818236A3-BCEA-4E57-B64E-A5A4F6CAAC44}.Release|ARM64.ActiveCfg = Release|ARM64
		{818236A3-BCEA-4E57-B64E-A5A4F6CAAC44}.Release|ARM64.Build.0 = Release|ARM64
		{818236A3-BCEA-4E57-B64E-A5A4F6CAAC44}.Release|x64.ActiveCfg = Release|Any CPU
		{818236A3-BCEA-4E57-B64E-A5A4F6CAAC44}.Release|x64.Build.0 = Release|Any CPU
		{818236A3-BCEA-4E57-B64E-A5A4F6CAAC44}.Release|x86.ActiveCfg = Release|x86
		{818236A3-BCEA-4E57-B64E-A5A4F6CAAC44}.Release|x86.Build.0 = Release|x86
	EndGlobalSection
	GlobalSection(SolutionProperties) = preSolution
		HideSolutionNode = FALSE
	EndGlobalSection
	GlobalSection(ExtensibilityGlobals) = postSolution
		SolutionGuid = {C140F29B-EA3E-460D-990D-F6535D2464CE}
	EndGlobalSection
EndGlobal
