
Microsoft Visual Studio Solution File, Format Version 12.00
# Visual Studio Version 17
VisualStudioVersion = 17.8.34004.107
MinimumVisualStudioVersion = 10.0.40219.1
Project("{9A19103F-16F7-4668-BE54-9A1E7A4F7556}") = "OsPoolVhdx2Vhdx", "OsPoolVhdx2Vhdx\OsPoolVhdx2Vhdx.csproj", "{07D04613-513C-4F0E-A37C-B9FC10E93D15}"
EndProject
Project("{FAE04EC0-301F-11D3-BF4B-00C04F79EFBC}") = "Diskstream", "Diskstream\Diskstream.csproj", "{818236A3-BCEA-4E57-B64E-A5A4F6CAAC44}"
EndProject
Global
	GlobalSection(SolutionConfigurationPlatforms) = preSolution
		Debug|x64 = Debug|x64
		Release|x64 = Release|x64
	EndGlobalSection
	GlobalSection(ProjectConfigurationPlatforms) = postSolution
		{07D04613-513C-4F0E-A37C-B9FC10E93D15}.Debug|x64.ActiveCfg = Debug|x64
		{07D04613-513C-4F0E-A37C-B9FC10E93D15}.Debug|x64.Build.0 = Debug|x64
		{07D04613-513C-4F0E-A37C-B9FC10E93D15}.Release|x64.ActiveCfg = Release|x64
		{07D04613-513C-4F0E-A37C-B9FC10E93D15}.Release|x64.Build.0 = Release|x64
		{818236A3-BCEA-4E57-B64E-A5A4F6CAAC44}.Debug|x64.ActiveCfg = Debug|x64
		{818236A3-BCEA-4E57-B64E-A5A4F6CAAC44}.Debug|x64.Build.0 = Debug|x64
		{818236A3-BCEA-4E57-B64E-A5A4F6CAAC44}.Release|x64.ActiveCfg = Release|x64
		{818236A3-BCEA-4E57-B64E-A5A4F6CAAC44}.Release|x64.Build.0 = Release|x64
	EndGlobalSection
	GlobalSection(SolutionProperties) = preSolution
		HideSolutionNode = FALSE
	EndGlobalSection
	GlobalSection(ExtensibilityGlobals) = postSolution
		SolutionGuid = {C140F29B-EA3E-460D-990D-F6535D2464CE}
	EndGlobalSection
EndGlobal
